
Microsoft Visual Studio Solution File, Format Version 12.00
# Visual Studio Version 17
VisualStudioVersion = 17.4.33122.133
MinimumVisualStudioVersion = 10.0.40219.1
Project("{FAE04EC0-301F-11D3-BF4B-00C04F79EFBC}") = "SkillBoxHomerwork_18_Patterns", "SkillBoxHomerwork_18_Patterns\SkillBoxHomerwork_18_Patterns.csproj", "{CBFE9EB3-0EF1-4C51-B005-058BF5B35B69}"
EndProject
Project("{2150E333-8FDC-42A3-9474-1A3956D46DE8}") = "Pattern Factory", "Pattern Factory", "{B157CEBD-323F-45C0-9712-276E3DB11C23}"
EndProject
Project("{FAE04EC0-301F-11D3-BF4B-00C04F79EFBC}") = "AnimalsLibrary", "AnimalsLibrary\AnimalsLibrary.csproj", "{F4D4F918-51A9-4324-9DD4-69A1156829B8}"
EndProject
Global
	GlobalSection(SolutionConfigurationPlatforms) = preSolution
		Debug|Any CPU = Debug|Any CPU
		Release|Any CPU = Release|Any CPU
	EndGlobalSection
	GlobalSection(ProjectConfigurationPlatforms) = postSolution
		{CBFE9EB3-0EF1-4C51-B005-058BF5B35B69}.Debug|Any CPU.ActiveCfg = Debug|Any CPU
		{CBFE9EB3-0EF1-4C51-B005-058BF5B35B69}.Debug|Any CPU.Build.0 = Debug|Any CPU
		{CBFE9EB3-0EF1-4C51-B005-058BF5B35B69}.Release|Any CPU.ActiveCfg = Release|Any CPU
		{CBFE9EB3-0EF1-4C51-B005-058BF5B35B69}.Release|Any CPU.Build.0 = Release|Any CPU
		{F4D4F918-51A9-4324-9DD4-69A1156829B8}.Debug|Any CPU.ActiveCfg = Debug|Any CPU
		{F4D4F918-51A9-4324-9DD4-69A1156829B8}.Debug|Any CPU.Build.0 = Debug|Any CPU
		{F4D4F918-51A9-4324-9DD4-69A1156829B8}.Release|Any CPU.ActiveCfg = Release|Any CPU
		{F4D4F918-51A9-4324-9DD4-69A1156829B8}.Release|Any CPU.Build.0 = Release|Any CPU
	EndGlobalSection
	GlobalSection(SolutionProperties) = preSolution
		HideSolutionNode = FALSE
	EndGlobalSection
	GlobalSection(NestedProjects) = preSolution
		{CBFE9EB3-0EF1-4C51-B005-058BF5B35B69} = {B157CEBD-323F-45C0-9712-276E3DB11C23}
		{F4D4F918-51A9-4324-9DD4-69A1156829B8} = {B157CEBD-323F-45C0-9712-276E3DB11C23}
	EndGlobalSection
	GlobalSection(ExtensibilityGlobals) = postSolution
		SolutionGuid = {5EB47242-18D9-4BA1-ABC2-07BFFB4D7F53}
	EndGlobalSection
EndGlobal
